// !$*UTF8*$!
{
	archiveVersion = 1;
	classes = {
	};
	objectVersion = 46;
	objects = {

/* Begin PBXBuildFile section */
		A65844BD1A5D1506008F8685 /* YearSelector.xib in Resources */ = {isa = PBXBuildFile; fileRef = A65844BC1A5D1506008F8685 /* YearSelector.xib */; };
		A65844C01A5D152A008F8685 /* YearSelector.m in Sources */ = {isa = PBXBuildFile; fileRef = A65844BF1A5D152A008F8685 /* YearSelector.m */; };
		A65844C31A5D4656008F8685 /* IncomeListTVC.m in Sources */ = {isa = PBXBuildFile; fileRef = A65844C21A5D4656008F8685 /* IncomeListTVC.m */; };
		A65844C61A5D4D0C008F8685 /* IncomeListTableViewCell.m in Sources */ = {isa = PBXBuildFile; fileRef = A65844C51A5D4D0C008F8685 /* IncomeListTableViewCell.m */; };
		A65844C91A5D507E008F8685 /* IncomeViewController.m in Sources */ = {isa = PBXBuildFile; fileRef = A65844C81A5D507E008F8685 /* IncomeViewController.m */; };
		A65844CC1A5F9A49008F8685 /* IncomeAccountListTVC.m in Sources */ = {isa = PBXBuildFile; fileRef = A65844CB1A5F9A49008F8685 /* IncomeAccountListTVC.m */; };
		A65844CF1A5F9BE7008F8685 /* IncomeAccountListTableViewCell.m in Sources */ = {isa = PBXBuildFile; fileRef = A65844CE1A5F9BE7008F8685 /* IncomeAccountListTableViewCell.m */; };
		A65844D21A5FABD4008F8685 /* IncomeAccountViewController.m in Sources */ = {isa = PBXBuildFile; fileRef = A65844D11A5FABD4008F8685 /* IncomeAccountViewController.m */; };
		A65844D51A601854008F8685 /* ContactListTVC.m in Sources */ = {isa = PBXBuildFile; fileRef = A65844D41A601854008F8685 /* ContactListTVC.m */; };
		A65844D81A601FB1008F8685 /* ContactViewController.m in Sources */ = {isa = PBXBuildFile; fileRef = A65844D71A601FB1008F8685 /* ContactViewController.m */; };
		A65844DA1A6023B0008F8685 /* AddressBook.framework in Frameworks */ = {isa = PBXBuildFile; fileRef = A65844D91A6023B0008F8685 /* AddressBook.framework */; };
		A65844DC1A6023B6008F8685 /* AddressBookUI.framework in Frameworks */ = {isa = PBXBuildFile; fileRef = A65844DB1A6023B6008F8685 /* AddressBookUI.framework */; };
		A65C22ED1A5BBD7700BA476A /* main.m in Sources */ = {isa = PBXBuildFile; fileRef = A65C22EC1A5BBD7700BA476A /* main.m */; };
		A65C22F01A5BBD7700BA476A /* AppDelegate.m in Sources */ = {isa = PBXBuildFile; fileRef = A65C22EF1A5BBD7700BA476A /* AppDelegate.m */; };
		A65C22F91A5BBD7700BA476A /* Main.storyboard in Resources */ = {isa = PBXBuildFile; fileRef = A65C22F71A5BBD7700BA476A /* Main.storyboard */; };
		A65C22FB1A5BBD7700BA476A /* Images.xcassets in Resources */ = {isa = PBXBuildFile; fileRef = A65C22FA1A5BBD7700BA476A /* Images.xcassets */; };
		A65C22FE1A5BBD7700BA476A /* LaunchScreen.xib in Resources */ = {isa = PBXBuildFile; fileRef = A65C22FC1A5BBD7700BA476A /* LaunchScreen.xib */; };
		A65C230A1A5BBD7800BA476A /* GiftCashTests.m in Sources */ = {isa = PBXBuildFile; fileRef = A65C23091A5BBD7800BA476A /* GiftCashTests.m */; };
		A65C23181A5BBFEB00BA476A /* MainTabBarController.m in Sources */ = {isa = PBXBuildFile; fileRef = A65C23171A5BBFEB00BA476A /* MainTabBarController.m */; };
		A65C23271A5BD35800BA476A /* Account.m in Sources */ = {isa = PBXBuildFile; fileRef = A65C23261A5BD35800BA476A /* Account.m */; };
		A65C232D1A5BD46B00BA476A /* GiftCash.xcdatamodeld in Sources */ = {isa = PBXBuildFile; fileRef = A65C232B1A5BD46B00BA476A /* GiftCash.xcdatamodeld */; };
		A65C23301A5BD48400BA476A /* Contact.m in Sources */ = {isa = PBXBuildFile; fileRef = A65C232F1A5BD48400BA476A /* Contact.m */; };
		A65C23331A5BD48500BA476A /* Event.m in Sources */ = {isa = PBXBuildFile; fileRef = A65C23321A5BD48500BA476A /* Event.m */; };
		A65C23361A5BD48500BA476A /* Income.m in Sources */ = {isa = PBXBuildFile; fileRef = A65C23351A5BD48500BA476A /* Income.m */; };
		A65C233C1A5BD96A00BA476A /* CoreDataTableViewController.m in Sources */ = {isa = PBXBuildFile; fileRef = A65C233B1A5BD96A00BA476A /* CoreDataTableViewController.m */; };
		A65C233F1A5BE40300BA476A /* OutgoListTVC.m in Sources */ = {isa = PBXBuildFile; fileRef = A65C233E1A5BE40300BA476A /* OutgoListTVC.m */; };
		A65C23421A5BEAE200BA476A /* OutgoListTableViewCell.m in Sources */ = {isa = PBXBuildFile; fileRef = A65C23411A5BEAE200BA476A /* OutgoListTableViewCell.m */; };
		A65C23451A5C04DC00BA476A /* CommonUtils.m in Sources */ = {isa = PBXBuildFile; fileRef = A65C23441A5C04DC00BA476A /* CommonUtils.m */; };
		A65C23481A5C0FCA00BA476A /* OutgoAccountViewController.m in Sources */ = {isa = PBXBuildFile; fileRef = A65C23471A5C0FCA00BA476A /* OutgoAccountViewController.m */; };
		A65C234A1A5C14B600BA476A /* OutgoAccountSectionHeaderView.xib in Resources */ = {isa = PBXBuildFile; fileRef = A65C23491A5C14B600BA476A /* OutgoAccountSectionHeaderView.xib */; };
		A65C234D1A5C157300BA476A /* OutgoAccountSectionHeaderView.m in Sources */ = {isa = PBXBuildFile; fileRef = A65C234C1A5C157300BA476A /* OutgoAccountSectionHeaderView.m */; };
		A65C23501A5C278200BA476A /* OutgoAccountMoneyTableViewCell.m in Sources */ = {isa = PBXBuildFile; fileRef = A65C234F1A5C278200BA476A /* OutgoAccountMoneyTableViewCell.m */; };
		A66C25B01A624B83001A9831 /* Contact+WithUniqueName.m in Sources */ = {isa = PBXBuildFile; fileRef = A66C25AF1A624B83001A9831 /* Contact+WithUniqueName.m */; };
		A66C25B31A624FD7001A9831 /* ContactAccountTVC.m in Sources */ = {isa = PBXBuildFile; fileRef = A66C25B21A624FD7001A9831 /* ContactAccountTVC.m */; };
		A66C25B61A62513C001A9831 /* ContactAccountTableViewCell.m in Sources */ = {isa = PBXBuildFile; fileRef = A66C25B51A62513C001A9831 /* ContactAccountTableViewCell.m */; };
/* End PBXBuildFile section */

/* Begin PBXContainerItemProxy section */
		A65C23041A5BBD7800BA476A /* PBXContainerItemProxy */ = {
			isa = PBXContainerItemProxy;
			containerPortal = A65C22DF1A5BBD7700BA476A /* Project object */;
			proxyType = 1;
			remoteGlobalIDString = A65C22E61A5BBD7700BA476A;
			remoteInfo = GiftCash;
		};
/* End PBXContainerItemProxy section */

/* Begin PBXFileReference section */
		A65844BC1A5D1506008F8685 /* YearSelector.xib */ = {isa = PBXFileReference; fileEncoding = 4; lastKnownFileType = file.xib; name = YearSelector.xib; path = view/YearSelector.xib; sourceTree = "<group>"; };
		A65844BE1A5D152A008F8685 /* YearSelector.h */ = {isa = PBXFileReference; fileEncoding = 4; lastKnownFileType = sourcecode.c.h; name = YearSelector.h; path = view/YearSelector.h; sourceTree = "<group>"; };
		A65844BF1A5D152A008F8685 /* YearSelector.m */ = {isa = PBXFileReference; fileEncoding = 4; lastKnownFileType = sourcecode.c.objc; name = YearSelector.m; path = view/YearSelector.m; sourceTree = "<group>"; };
		A65844C11A5D4656008F8685 /* IncomeListTVC.h */ = {isa = PBXFileReference; fileEncoding = 4; lastKnownFileType = sourcecode.c.h; name = IncomeListTVC.h; path = controller/IncomeListTVC.h; sourceTree = "<group>"; };
		A65844C21A5D4656008F8685 /* IncomeListTVC.m */ = {isa = PBXFileReference; fileEncoding = 4; lastKnownFileType = sourcecode.c.objc; name = IncomeListTVC.m; path = controller/IncomeListTVC.m; sourceTree = "<group>"; };
		A65844C41A5D4D0C008F8685 /* IncomeListTableViewCell.h */ = {isa = PBXFileReference; fileEncoding = 4; lastKnownFileType = sourcecode.c.h; name = IncomeListTableViewCell.h; path = view/IncomeListTableViewCell.h; sourceTree = "<group>"; };
		A65844C51A5D4D0C008F8685 /* IncomeListTableViewCell.m */ = {isa = PBXFileReference; fileEncoding = 4; lastKnownFileType = sourcecode.c.objc; name = IncomeListTableViewCell.m; path = view/IncomeListTableViewCell.m; sourceTree = "<group>"; };
		A65844C71A5D507E008F8685 /* IncomeViewController.h */ = {isa = PBXFileReference; fileEncoding = 4; lastKnownFileType = sourcecode.c.h; name = IncomeViewController.h; path = controller/IncomeViewController.h; sourceTree = "<group>"; };
		A65844C81A5D507E008F8685 /* IncomeViewController.m */ = {isa = PBXFileReference; fileEncoding = 4; lastKnownFileType = sourcecode.c.objc; name = IncomeViewController.m; path = controller/IncomeViewController.m; sourceTree = "<group>"; };
		A65844CA1A5F9A49008F8685 /* IncomeAccountListTVC.h */ = {isa = PBXFileReference; fileEncoding = 4; lastKnownFileType = sourcecode.c.h; name = IncomeAccountListTVC.h; path = controller/IncomeAccountListTVC.h; sourceTree = "<group>"; };
		A65844CB1A5F9A49008F8685 /* IncomeAccountListTVC.m */ = {isa = PBXFileReference; fileEncoding = 4; lastKnownFileType = sourcecode.c.objc; name = IncomeAccountListTVC.m; path = controller/IncomeAccountListTVC.m; sourceTree = "<group>"; };
		A65844CD1A5F9BE7008F8685 /* IncomeAccountListTableViewCell.h */ = {isa = PBXFileReference; fileEncoding = 4; lastKnownFileType = sourcecode.c.h; name = IncomeAccountListTableViewCell.h; path = view/IncomeAccountListTableViewCell.h; sourceTree = "<group>"; };
		A65844CE1A5F9BE7008F8685 /* IncomeAccountListTableViewCell.m */ = {isa = PBXFileReference; fileEncoding = 4; lastKnownFileType = sourcecode.c.objc; name = IncomeAccountListTableViewCell.m; path = view/IncomeAccountListTableViewCell.m; sourceTree = "<group>"; };
		A65844D01A5FABD4008F8685 /* IncomeAccountViewController.h */ = {isa = PBXFileReference; fileEncoding = 4; lastKnownFileType = sourcecode.c.h; name = IncomeAccountViewController.h; path = controller/IncomeAccountViewController.h; sourceTree = "<group>"; };
		A65844D11A5FABD4008F8685 /* IncomeAccountViewController.m */ = {isa = PBXFileReference; fileEncoding = 4; lastKnownFileType = sourcecode.c.objc; name = IncomeAccountViewController.m; path = controller/IncomeAccountViewController.m; sourceTree = "<group>"; };
		A65844D31A601854008F8685 /* ContactListTVC.h */ = {isa = PBXFileReference; fileEncoding = 4; lastKnownFileType = sourcecode.c.h; name = ContactListTVC.h; path = controller/ContactListTVC.h; sourceTree = "<group>"; };
		A65844D41A601854008F8685 /* ContactListTVC.m */ = {isa = PBXFileReference; fileEncoding = 4; lastKnownFileType = sourcecode.c.objc; name = ContactListTVC.m; path = controller/ContactListTVC.m; sourceTree = "<group>"; };
		A65844D61A601FB1008F8685 /* ContactViewController.h */ = {isa = PBXFileReference; fileEncoding = 4; lastKnownFileType = sourcecode.c.h; name = ContactViewController.h; path = controller/ContactViewController.h; sourceTree = "<group>"; };
		A65844D71A601FB1008F8685 /* ContactViewController.m */ = {isa = PBXFileReference; fileEncoding = 4; lastKnownFileType = sourcecode.c.objc; name = ContactViewController.m; path = controller/ContactViewController.m; sourceTree = "<group>"; };
		A65844D91A6023B0008F8685 /* AddressBook.framework */ = {isa = PBXFileReference; lastKnownFileType = wrapper.framework; name = AddressBook.framework; path = System/Library/Frameworks/AddressBook.framework; sourceTree = SDKROOT; };
		A65844DB1A6023B6008F8685 /* AddressBookUI.framework */ = {isa = PBXFileReference; lastKnownFileType = wrapper.framework; name = AddressBookUI.framework; path = System/Library/Frameworks/AddressBookUI.framework; sourceTree = SDKROOT; };
		A65C22E71A5BBD7700BA476A /* GiftCash.app */ = {isa = PBXFileReference; explicitFileType = wrapper.application; includeInIndex = 0; path = GiftCash.app; sourceTree = BUILT_PRODUCTS_DIR; };
		A65C22EB1A5BBD7700BA476A /* Info.plist */ = {isa = PBXFileReference; lastKnownFileType = text.plist.xml; path = Info.plist; sourceTree = "<group>"; };
		A65C22EC1A5BBD7700BA476A /* main.m */ = {isa = PBXFileReference; lastKnownFileType = sourcecode.c.objc; path = main.m; sourceTree = "<group>"; };
		A65C22EE1A5BBD7700BA476A /* AppDelegate.h */ = {isa = PBXFileReference; lastKnownFileType = sourcecode.c.h; path = AppDelegate.h; sourceTree = "<group>"; };
		A65C22EF1A5BBD7700BA476A /* AppDelegate.m */ = {isa = PBXFileReference; lastKnownFileType = sourcecode.c.objc; path = AppDelegate.m; sourceTree = "<group>"; };
		A65C22F81A5BBD7700BA476A /* Base */ = {isa = PBXFileReference; lastKnownFileType = file.storyboard; name = Base; path = Base.lproj/Main.storyboard; sourceTree = "<group>"; };
		A65C22FA1A5BBD7700BA476A /* Images.xcassets */ = {isa = PBXFileReference; lastKnownFileType = folder.assetcatalog; path = Images.xcassets; sourceTree = "<group>"; };
		A65C22FD1A5BBD7700BA476A /* Base */ = {isa = PBXFileReference; lastKnownFileType = file.xib; name = Base; path = Base.lproj/LaunchScreen.xib; sourceTree = "<group>"; };
		A65C23031A5BBD7800BA476A /* GiftCashTests.xctest */ = {isa = PBXFileReference; explicitFileType = wrapper.cfbundle; includeInIndex = 0; path = GiftCashTests.xctest; sourceTree = BUILT_PRODUCTS_DIR; };
		A65C23081A5BBD7800BA476A /* Info.plist */ = {isa = PBXFileReference; lastKnownFileType = text.plist.xml; path = Info.plist; sourceTree = "<group>"; };
		A65C23091A5BBD7800BA476A /* GiftCashTests.m */ = {isa = PBXFileReference; lastKnownFileType = sourcecode.c.objc; path = GiftCashTests.m; sourceTree = "<group>"; };
		A65C23161A5BBFEB00BA476A /* MainTabBarController.h */ = {isa = PBXFileReference; fileEncoding = 4; lastKnownFileType = sourcecode.c.h; name = MainTabBarController.h; path = controller/MainTabBarController.h; sourceTree = "<group>"; };
		A65C23171A5BBFEB00BA476A /* MainTabBarController.m */ = {isa = PBXFileReference; fileEncoding = 4; lastKnownFileType = sourcecode.c.objc; name = MainTabBarController.m; path = controller/MainTabBarController.m; sourceTree = "<group>"; };
		A65C23251A5BD35800BA476A /* Account.h */ = {isa = PBXFileReference; fileEncoding = 4; lastKnownFileType = sourcecode.c.h; name = Account.h; path = model/Account.h; sourceTree = "<group>"; };
		A65C23261A5BD35800BA476A /* Account.m */ = {isa = PBXFileReference; fileEncoding = 4; lastKnownFileType = sourcecode.c.objc; name = Account.m; path = model/Account.m; sourceTree = "<group>"; };
		A65C232C1A5BD46B00BA476A /* GiftCash.xcdatamodel */ = {isa = PBXFileReference; lastKnownFileType = wrapper.xcdatamodel; path = GiftCash.xcdatamodel; sourceTree = "<group>"; };
		A65C232E1A5BD48400BA476A /* Contact.h */ = {isa = PBXFileReference; fileEncoding = 4; lastKnownFileType = sourcecode.c.h; name = Contact.h; path = model/Contact.h; sourceTree = "<group>"; };
		A65C232F1A5BD48400BA476A /* Contact.m */ = {isa = PBXFileReference; fileEncoding = 4; lastKnownFileType = sourcecode.c.objc; name = Contact.m; path = model/Contact.m; sourceTree = "<group>"; };
		A65C23311A5BD48500BA476A /* Event.h */ = {isa = PBXFileReference; fileEncoding = 4; lastKnownFileType = sourcecode.c.h; name = Event.h; path = model/Event.h; sourceTree = "<group>"; };
		A65C23321A5BD48500BA476A /* Event.m */ = {isa = PBXFileReference; fileEncoding = 4; lastKnownFileType = sourcecode.c.objc; name = Event.m; path = model/Event.m; sourceTree = "<group>"; };
		A65C23341A5BD48500BA476A /* Income.h */ = {isa = PBXFileReference; fileEncoding = 4; lastKnownFileType = sourcecode.c.h; name = Income.h; path = model/Income.h; sourceTree = "<group>"; };
		A65C23351A5BD48500BA476A /* Income.m */ = {isa = PBXFileReference; fileEncoding = 4; lastKnownFileType = sourcecode.c.objc; name = Income.m; path = model/Income.m; sourceTree = "<group>"; };
		A65C233A1A5BD96A00BA476A /* CoreDataTableViewController.h */ = {isa = PBXFileReference; fileEncoding = 4; lastKnownFileType = sourcecode.c.h; name = CoreDataTableViewController.h; path = controller/CoreDataTableViewController.h; sourceTree = "<group>"; };
		A65C233B1A5BD96A00BA476A /* CoreDataTableViewController.m */ = {isa = PBXFileReference; fileEncoding = 4; lastKnownFileType = sourcecode.c.objc; name = CoreDataTableViewController.m; path = controller/CoreDataTableViewController.m; sourceTree = "<group>"; };
		A65C233D1A5BE40300BA476A /* OutgoListTVC.h */ = {isa = PBXFileReference; fileEncoding = 4; lastKnownFileType = sourcecode.c.h; name = OutgoListTVC.h; path = controller/OutgoListTVC.h; sourceTree = "<group>"; };
		A65C233E1A5BE40300BA476A /* OutgoListTVC.m */ = {isa = PBXFileReference; fileEncoding = 4; lastKnownFileType = sourcecode.c.objc; name = OutgoListTVC.m; path = controller/OutgoListTVC.m; sourceTree = "<group>"; };
		A65C23401A5BEAE200BA476A /* OutgoListTableViewCell.h */ = {isa = PBXFileReference; fileEncoding = 4; lastKnownFileType = sourcecode.c.h; name = OutgoListTableViewCell.h; path = view/OutgoListTableViewCell.h; sourceTree = "<group>"; };
		A65C23411A5BEAE200BA476A /* OutgoListTableViewCell.m */ = {isa = PBXFileReference; fileEncoding = 4; lastKnownFileType = sourcecode.c.objc; name = OutgoListTableViewCell.m; path = view/OutgoListTableViewCell.m; sourceTree = "<group>"; };
		A65C23431A5C04DC00BA476A /* CommonUtils.h */ = {isa = PBXFileReference; fileEncoding = 4; lastKnownFileType = sourcecode.c.h; path = CommonUtils.h; sourceTree = "<group>"; };
		A65C23441A5C04DC00BA476A /* CommonUtils.m */ = {isa = PBXFileReference; fileEncoding = 4; lastKnownFileType = sourcecode.c.objc; path = CommonUtils.m; sourceTree = "<group>"; };
		A65C23461A5C0FCA00BA476A /* OutgoAccountViewController.h */ = {isa = PBXFileReference; fileEncoding = 4; lastKnownFileType = sourcecode.c.h; name = OutgoAccountViewController.h; path = controller/OutgoAccountViewController.h; sourceTree = "<group>"; };
		A65C23471A5C0FCA00BA476A /* OutgoAccountViewController.m */ = {isa = PBXFileReference; fileEncoding = 4; lastKnownFileType = sourcecode.c.objc; name = OutgoAccountViewController.m; path = controller/OutgoAccountViewController.m; sourceTree = "<group>"; };
		A65C23491A5C14B600BA476A /* OutgoAccountSectionHeaderView.xib */ = {isa = PBXFileReference; fileEncoding = 4; lastKnownFileType = file.xib; name = OutgoAccountSectionHeaderView.xib; path = view/OutgoAccountSectionHeaderView.xib; sourceTree = "<group>"; };
		A65C234B1A5C157300BA476A /* OutgoAccountSectionHeaderView.h */ = {isa = PBXFileReference; fileEncoding = 4; lastKnownFileType = sourcecode.c.h; name = OutgoAccountSectionHeaderView.h; path = view/OutgoAccountSectionHeaderView.h; sourceTree = "<group>"; };
		A65C234C1A5C157300BA476A /* OutgoAccountSectionHeaderView.m */ = {isa = PBXFileReference; fileEncoding = 4; lastKnownFileType = sourcecode.c.objc; name = OutgoAccountSectionHeaderView.m; path = view/OutgoAccountSectionHeaderView.m; sourceTree = "<group>"; };
		A65C234E1A5C278200BA476A /* OutgoAccountMoneyTableViewCell.h */ = {isa = PBXFileReference; fileEncoding = 4; lastKnownFileType = sourcecode.c.h; name = OutgoAccountMoneyTableViewCell.h; path = view/OutgoAccountMoneyTableViewCell.h; sourceTree = "<group>"; };
		A65C234F1A5C278200BA476A /* OutgoAccountMoneyTableViewCell.m */ = {isa = PBXFileReference; fileEncoding = 4; lastKnownFileType = sourcecode.c.objc; name = OutgoAccountMoneyTableViewCell.m; path = view/OutgoAccountMoneyTableViewCell.m; sourceTree = "<group>"; };
		A66C25AE1A624B83001A9831 /* Contact+WithUniqueName.h */ = {isa = PBXFileReference; fileEncoding = 4; lastKnownFileType = sourcecode.c.h; name = "Contact+WithUniqueName.h"; path = "model/Contact+WithUniqueName.h"; sourceTree = "<group>"; };
		A66C25AF1A624B83001A9831 /* Contact+WithUniqueName.m */ = {isa = PBXFileReference; fileEncoding = 4; lastKnownFileType = sourcecode.c.objc; name = "Contact+WithUniqueName.m"; path = "model/Contact+WithUniqueName.m"; sourceTree = "<group>"; };
		A66C25B11A624FD7001A9831 /* ContactAccountTVC.h */ = {isa = PBXFileReference; fileEncoding = 4; lastKnownFileType = sourcecode.c.h; name = ContactAccountTVC.h; path = controller/ContactAccountTVC.h; sourceTree = "<group>"; };
		A66C25B21A624FD7001A9831 /* ContactAccountTVC.m */ = {isa = PBXFileReference; fileEncoding = 4; lastKnownFileType = sourcecode.c.objc; name = ContactAccountTVC.m; path = controller/ContactAccountTVC.m; sourceTree = "<group>"; };
		A66C25B41A62513C001A9831 /* ContactAccountTableViewCell.h */ = {isa = PBXFileReference; fileEncoding = 4; lastKnownFileType = sourcecode.c.h; name = ContactAccountTableViewCell.h; path = view/ContactAccountTableViewCell.h; sourceTree = "<group>"; };
		A66C25B51A62513C001A9831 /* ContactAccountTableViewCell.m */ = {isa = PBXFileReference; fileEncoding = 4; lastKnownFileType = sourcecode.c.objc; name = ContactAccountTableViewCell.m; path = view/ContactAccountTableViewCell.m; sourceTree = "<group>"; };
/* End PBXFileReference section */

/* Begin PBXFrameworksBuildPhase section */
		A65C22E41A5BBD7700BA476A /* Frameworks */ = {
			isa = PBXFrameworksBuildPhase;
			buildActionMask = 2147483647;
			files = (
				A65844DC1A6023B6008F8685 /* AddressBookUI.framework in Frameworks */,
				A65844DA1A6023B0008F8685 /* AddressBook.framework in Frameworks */,
			);
			runOnlyForDeploymentPostprocessing = 0;
		};
		A65C23001A5BBD7800BA476A /* Frameworks */ = {
			isa = PBXFrameworksBuildPhase;
			buildActionMask = 2147483647;
			files = (
			);
			runOnlyForDeploymentPostprocessing = 0;
		};
/* End PBXFrameworksBuildPhase section */

/* Begin PBXGroup section */
		A65C22DE1A5BBD7700BA476A = {
			isa = PBXGroup;
			children = (
				A65844DB1A6023B6008F8685 /* AddressBookUI.framework */,
				A65844D91A6023B0008F8685 /* AddressBook.framework */,
				A65C22E91A5BBD7700BA476A /* GiftCash */,
				A65C23061A5BBD7800BA476A /* GiftCashTests */,
				A65C22E81A5BBD7700BA476A /* Products */,
			);
			sourceTree = "<group>";
		};
		A65C22E81A5BBD7700BA476A /* Products */ = {
			isa = PBXGroup;
			children = (
				A65C22E71A5BBD7700BA476A /* GiftCash.app */,
				A65C23031A5BBD7800BA476A /* GiftCashTests.xctest */,
			);
			name = Products;
			sourceTree = "<group>";
		};
		A65C22E91A5BBD7700BA476A /* GiftCash */ = {
			isa = PBXGroup;
			children = (
				A65C23141A5BBF6E00BA476A /* view */,
				A65C23151A5BBF7200BA476A /* controller */,
				A65C23131A5BBF6700BA476A /* model */,
				A65C22EE1A5BBD7700BA476A /* AppDelegate.h */,
				A65C22EF1A5BBD7700BA476A /* AppDelegate.m */,
				A65C23431A5C04DC00BA476A /* CommonUtils.h */,
				A65C23441A5C04DC00BA476A /* CommonUtils.m */,
				A65C22FA1A5BBD7700BA476A /* Images.xcassets */,
				A65C22FC1A5BBD7700BA476A /* LaunchScreen.xib */,
				A65C22EA1A5BBD7700BA476A /* Supporting Files */,
			);
			path = GiftCash;
			sourceTree = "<group>";
		};
		A65C22EA1A5BBD7700BA476A /* Supporting Files */ = {
			isa = PBXGroup;
			children = (
				A65C22EB1A5BBD7700BA476A /* Info.plist */,
				A65C22EC1A5BBD7700BA476A /* main.m */,
			);
			name = "Supporting Files";
			sourceTree = "<group>";
		};
		A65C23061A5BBD7800BA476A /* GiftCashTests */ = {
			isa = PBXGroup;
			children = (
				A65C23091A5BBD7800BA476A /* GiftCashTests.m */,
				A65C23071A5BBD7800BA476A /* Supporting Files */,
			);
			path = GiftCashTests;
			sourceTree = "<group>";
		};
		A65C23071A5BBD7800BA476A /* Supporting Files */ = {
			isa = PBXGroup;
			children = (
				A65C23081A5BBD7800BA476A /* Info.plist */,
			);
			name = "Supporting Files";
			sourceTree = "<group>";
		};
		A65C23131A5BBF6700BA476A /* model */ = {
			isa = PBXGroup;
			children = (
				A65C232B1A5BD46B00BA476A /* GiftCash.xcdatamodeld */,
				A65C23341A5BD48500BA476A /* Income.h */,
				A65C23351A5BD48500BA476A /* Income.m */,
				A65C23311A5BD48500BA476A /* Event.h */,
				A65C23321A5BD48500BA476A /* Event.m */,
				A65C232E1A5BD48400BA476A /* Contact.h */,
				A65C232F1A5BD48400BA476A /* Contact.m */,
				A66C25AE1A624B83001A9831 /* Contact+WithUniqueName.h */,
				A66C25AF1A624B83001A9831 /* Contact+WithUniqueName.m */,
				A65C23251A5BD35800BA476A /* Account.h */,
				A65C23261A5BD35800BA476A /* Account.m */,
			);
			name = model;
			sourceTree = "<group>";
		};
		A65C23141A5BBF6E00BA476A /* view */ = {
			isa = PBXGroup;
			children = (
				A65C22F71A5BBD7700BA476A /* Main.storyboard */,
				A65844BC1A5D1506008F8685 /* YearSelector.xib */,
				A65844BE1A5D152A008F8685 /* YearSelector.h */,
				A65844BF1A5D152A008F8685 /* YearSelector.m */,
				A65C234E1A5C278200BA476A /* OutgoAccountMoneyTableViewCell.h */,
				A65C234F1A5C278200BA476A /* OutgoAccountMoneyTableViewCell.m */,
				A65C23491A5C14B600BA476A /* OutgoAccountSectionHeaderView.xib */,
				A65C234B1A5C157300BA476A /* OutgoAccountSectionHeaderView.h */,
				A65C234C1A5C157300BA476A /* OutgoAccountSectionHeaderView.m */,
				A65C23401A5BEAE200BA476A /* OutgoListTableViewCell.h */,
				A65C23411A5BEAE200BA476A /* OutgoListTableViewCell.m */,
				A65844C41A5D4D0C008F8685 /* IncomeListTableViewCell.h */,
				A65844C51A5D4D0C008F8685 /* IncomeListTableViewCell.m */,
				A65844CD1A5F9BE7008F8685 /* IncomeAccountListTableViewCell.h */,
				A65844CE1A5F9BE7008F8685 /* IncomeAccountListTableViewCell.m */,
				A66C25B41A62513C001A9831 /* ContactAccountTableViewCell.h */,
				A66C25B51A62513C001A9831 /* ContactAccountTableViewCell.m */,
			);
			name = view;
			sourceTree = "<group>";
		};
		A65C23151A5BBF7200BA476A /* controller */ = {
			isa = PBXGroup;
			children = (
				A65C233D1A5BE40300BA476A /* OutgoListTVC.h */,
				A65C233E1A5BE40300BA476A /* OutgoListTVC.m */,
				A65C23461A5C0FCA00BA476A /* OutgoAccountViewController.h */,
				A65C23471A5C0FCA00BA476A /* OutgoAccountViewController.m */,
				A65844C11A5D4656008F8685 /* IncomeListTVC.h */,
				A65844C21A5D4656008F8685 /* IncomeListTVC.m */,
				A65844C71A5D507E008F8685 /* IncomeViewController.h */,
				A65844C81A5D507E008F8685 /* IncomeViewController.m */,
				A65844CA1A5F9A49008F8685 /* IncomeAccountListTVC.h */,
				A65844CB1A5F9A49008F8685 /* IncomeAccountListTVC.m */,
				A65844D01A5FABD4008F8685 /* IncomeAccountViewController.h */,
				A65844D11A5FABD4008F8685 /* IncomeAccountViewController.m */,
				A65844D31A601854008F8685 /* ContactListTVC.h */,
				A65844D41A601854008F8685 /* ContactListTVC.m */,
				A65844D61A601FB1008F8685 /* ContactViewController.h */,
				A65844D71A601FB1008F8685 /* ContactViewController.m */,
				A66C25B11A624FD7001A9831 /* ContactAccountTVC.h */,
				A66C25B21A624FD7001A9831 /* ContactAccountTVC.m */,
				A65C23161A5BBFEB00BA476A /* MainTabBarController.h */,
				A65C23171A5BBFEB00BA476A /* MainTabBarController.m */,
				A65C233A1A5BD96A00BA476A /* CoreDataTableViewController.h */,
				A65C233B1A5BD96A00BA476A /* CoreDataTableViewController.m */,
			);
			name = controller;
			sourceTree = "<group>";
		};
/* End PBXGroup section */

/* Begin PBXNativeTarget section */
		A65C22E61A5BBD7700BA476A /* GiftCash */ = {
			isa = PBXNativeTarget;
			buildConfigurationList = A65C230D1A5BBD7800BA476A /* Build configuration list for PBXNativeTarget "GiftCash" */;
			buildPhases = (
				A65C22E31A5BBD7700BA476A /* Sources */,
				A65C22E41A5BBD7700BA476A /* Frameworks */,
				A65C22E51A5BBD7700BA476A /* Resources */,
			);
			buildRules = (
			);
			dependencies = (
			);
			name = GiftCash;
			productName = GiftCash;
			productReference = A65C22E71A5BBD7700BA476A /* GiftCash.app */;
			productType = "com.apple.product-type.application";
		};
		A65C23021A5BBD7800BA476A /* GiftCashTests */ = {
			isa = PBXNativeTarget;
			buildConfigurationList = A65C23101A5BBD7800BA476A /* Build configuration list for PBXNativeTarget "GiftCashTests" */;
			buildPhases = (
				A65C22FF1A5BBD7800BA476A /* Sources */,
				A65C23001A5BBD7800BA476A /* Frameworks */,
				A65C23011A5BBD7800BA476A /* Resources */,
			);
			buildRules = (
			);
			dependencies = (
				A65C23051A5BBD7800BA476A /* PBXTargetDependency */,
			);
			name = GiftCashTests;
			productName = GiftCashTests;
			productReference = A65C23031A5BBD7800BA476A /* GiftCashTests.xctest */;
			productType = "com.apple.product-type.bundle.unit-test";
		};
/* End PBXNativeTarget section */

/* Begin PBXProject section */
		A65C22DF1A5BBD7700BA476A /* Project object */ = {
			isa = PBXProject;
			attributes = {
				LastUpgradeCheck = 0610;
				ORGANIZATIONNAME = Eva;
				TargetAttributes = {
					A65C22E61A5BBD7700BA476A = {
						CreatedOnToolsVersion = 6.1.1;
					};
					A65C23021A5BBD7800BA476A = {
						CreatedOnToolsVersion = 6.1.1;
						TestTargetID = A65C22E61A5BBD7700BA476A;
					};
				};
			};
			buildConfigurationList = A65C22E21A5BBD7700BA476A /* Build configuration list for PBXProject "GiftCash" */;
			compatibilityVersion = "Xcode 3.2";
			developmentRegion = English;
			hasScannedForEncodings = 0;
			knownRegions = (
				en,
				Base,
			);
			mainGroup = A65C22DE1A5BBD7700BA476A;
			productRefGroup = A65C22E81A5BBD7700BA476A /* Products */;
			projectDirPath = "";
			projectRoot = "";
			targets = (
				A65C22E61A5BBD7700BA476A /* GiftCash */,
				A65C23021A5BBD7800BA476A /* GiftCashTests */,
			);
		};
/* End PBXProject section */

/* Begin PBXResourcesBuildPhase section */
		A65C22E51A5BBD7700BA476A /* Resources */ = {
			isa = PBXResourcesBuildPhase;
			buildActionMask = 2147483647;
			files = (
				A65C22F91A5BBD7700BA476A /* Main.storyboard in Resources */,
				A65C22FE1A5BBD7700BA476A /* LaunchScreen.xib in Resources */,
				A65C234A1A5C14B600BA476A /* OutgoAccountSectionHeaderView.xib in Resources */,
				A65C22FB1A5BBD7700BA476A /* Images.xcassets in Resources */,
				A65844BD1A5D1506008F8685 /* YearSelector.xib in Resources */,
			);
			runOnlyForDeploymentPostprocessing = 0;
		};
		A65C23011A5BBD7800BA476A /* Resources */ = {
			isa = PBXResourcesBuildPhase;
			buildActionMask = 2147483647;
			files = (
			);
			runOnlyForDeploymentPostprocessing = 0;
		};
/* End PBXResourcesBuildPhase section */

/* Begin PBXSourcesBuildPhase section */
		A65C22E31A5BBD7700BA476A /* Sources */ = {
			isa = PBXSourcesBuildPhase;
			buildActionMask = 2147483647;
			files = (
				A65C23271A5BD35800BA476A /* Account.m in Sources */,
				A65C23421A5BEAE200BA476A /* OutgoListTableViewCell.m in Sources */,
				A65C232D1A5BD46B00BA476A /* GiftCash.xcdatamodeld in Sources */,
				A65C22F01A5BBD7700BA476A /* AppDelegate.m in Sources */,
				A65844C91A5D507E008F8685 /* IncomeViewController.m in Sources */,
				A65C23501A5C278200BA476A /* OutgoAccountMoneyTableViewCell.m in Sources */,
				A66C25B61A62513C001A9831 /* ContactAccountTableViewCell.m in Sources */,
				A65C233C1A5BD96A00BA476A /* CoreDataTableViewController.m in Sources */,
				A65C23331A5BD48500BA476A /* Event.m in Sources */,
				A65C23301A5BD48400BA476A /* Contact.m in Sources */,
				A65844D21A5FABD4008F8685 /* IncomeAccountViewController.m in Sources */,
				A65C23181A5BBFEB00BA476A /* MainTabBarController.m in Sources */,
				A66C25B01A624B83001A9831 /* Contact+WithUniqueName.m in Sources */,
				A65C233F1A5BE40300BA476A /* OutgoListTVC.m in Sources */,
				A65C23361A5BD48500BA476A /* Income.m in Sources */,
				A65844D81A601FB1008F8685 /* ContactViewController.m in Sources */,
				A65844C01A5D152A008F8685 /* YearSelector.m in Sources */,
				A65844D51A601854008F8685 /* ContactListTVC.m in Sources */,
				A65C234D1A5C157300BA476A /* OutgoAccountSectionHeaderView.m in Sources */,
				A65844CC1A5F9A49008F8685 /* IncomeAccountListTVC.m in Sources */,
				A65C23451A5C04DC00BA476A /* CommonUtils.m in Sources */,
				A66C25B31A624FD7001A9831 /* ContactAccountTVC.m in Sources */,
				A65844C61A5D4D0C008F8685 /* IncomeListTableViewCell.m in Sources */,
				A65C22ED1A5BBD7700BA476A /* main.m in Sources */,
				A65844CF1A5F9BE7008F8685 /* IncomeAccountListTableViewCell.m in Sources */,
				A65844C31A5D4656008F8685 /* IncomeListTVC.m in Sources */,
				A65C23481A5C0FCA00BA476A /* OutgoAccountViewController.m in Sources */,
			);
			runOnlyForDeploymentPostprocessing = 0;
		};
		A65C22FF1A5BBD7800BA476A /* Sources */ = {
			isa = PBXSourcesBuildPhase;
			buildActionMask = 2147483647;
			files = (
				A65C230A1A5BBD7800BA476A /* GiftCashTests.m in Sources */,
			);
			runOnlyForDeploymentPostprocessing = 0;
		};
/* End PBXSourcesBuildPhase section */

/* Begin PBXTargetDependency section */
		A65C23051A5BBD7800BA476A /* PBXTargetDependency */ = {
			isa = PBXTargetDependency;
			target = A65C22E61A5BBD7700BA476A /* GiftCash */;
			targetProxy = A65C23041A5BBD7800BA476A /* PBXContainerItemProxy */;
		};
/* End PBXTargetDependency section */

/* Begin PBXVariantGroup section */
		A65C22F71A5BBD7700BA476A /* Main.storyboard */ = {
			isa = PBXVariantGroup;
			children = (
				A65C22F81A5BBD7700BA476A /* Base */,
			);
			name = Main.storyboard;
			sourceTree = "<group>";
		};
		A65C22FC1A5BBD7700BA476A /* LaunchScreen.xib */ = {
			isa = PBXVariantGroup;
			children = (
				A65C22FD1A5BBD7700BA476A /* Base */,
			);
			name = LaunchScreen.xib;
			sourceTree = "<group>";
		};
/* End PBXVariantGroup section */

/* Begin XCBuildConfiguration section */
		A65C230B1A5BBD7800BA476A /* Debug */ = {
			isa = XCBuildConfiguration;
			buildSettings = {
				ALWAYS_SEARCH_USER_PATHS = NO;
				CLANG_CXX_LANGUAGE_STANDARD = "gnu++0x";
				CLANG_CXX_LIBRARY = "libc++";
				CLANG_ENABLE_MODULES = YES;
				CLANG_ENABLE_OBJC_ARC = YES;
				CLANG_WARN_BOOL_CONVERSION = YES;
				CLANG_WARN_CONSTANT_CONVERSION = YES;
				CLANG_WARN_DIRECT_OBJC_ISA_USAGE = YES_ERROR;
				CLANG_WARN_EMPTY_BODY = YES;
				CLANG_WARN_ENUM_CONVERSION = YES;
				CLANG_WARN_INT_CONVERSION = YES;
				CLANG_WARN_OBJC_ROOT_CLASS = YES_ERROR;
				CLANG_WARN_UNREACHABLE_CODE = YES;
				CLANG_WARN__DUPLICATE_METHOD_MATCH = YES;
				"CODE_SIGN_IDENTITY[sdk=iphoneos*]" = "iPhone Developer";
				COPY_PHASE_STRIP = NO;
				ENABLE_STRICT_OBJC_MSGSEND = YES;
				GCC_C_LANGUAGE_STANDARD = gnu99;
				GCC_DYNAMIC_NO_PIC = NO;
				GCC_OPTIMIZATION_LEVEL = 0;
				GCC_PREPROCESSOR_DEFINITIONS = (
					"DEBUG=1",
					"$(inherited)",
				);
				GCC_SYMBOLS_PRIVATE_EXTERN = NO;
				GCC_WARN_64_TO_32_BIT_CONVERSION = YES;
				GCC_WARN_ABOUT_RETURN_TYPE = YES_ERROR;
				GCC_WARN_UNDECLARED_SELECTOR = YES;
				GCC_WARN_UNINITIALIZED_AUTOS = YES_AGGRESSIVE;
				GCC_WARN_UNUSED_FUNCTION = YES;
				GCC_WARN_UNUSED_VARIABLE = YES;
				IPHONEOS_DEPLOYMENT_TARGET = 8.1;
				MTL_ENABLE_DEBUG_INFO = YES;
				ONLY_ACTIVE_ARCH = YES;
				SDKROOT = iphoneos;
				TARGETED_DEVICE_FAMILY = "1,2";
			};
			name = Debug;
		};
		A65C230C1A5BBD7800BA476A /* Release */ = {
			isa = XCBuildConfiguration;
			buildSettings = {
				ALWAYS_SEARCH_USER_PATHS = NO;
				CLANG_CXX_LANGUAGE_STANDARD = "gnu++0x";
				CLANG_CXX_LIBRARY = "libc++";
				CLANG_ENABLE_MODULES = YES;
				CLANG_ENABLE_OBJC_ARC = YES;
				CLANG_WARN_BOOL_CONVERSION = YES;
				CLANG_WARN_CONSTANT_CONVERSION = YES;
				CLANG_WARN_DIRECT_OBJC_ISA_USAGE = YES_ERROR;
				CLANG_WARN_EMPTY_BODY = YES;
				CLANG_WARN_ENUM_CONVERSION = YES;
				CLANG_WARN_INT_CONVERSION = YES;
				CLANG_WARN_OBJC_ROOT_CLASS = YES_ERROR;
				CLANG_WARN_UNREACHABLE_CODE = YES;
				CLANG_WARN__DUPLICATE_METHOD_MATCH = YES;
				"CODE_SIGN_IDENTITY[sdk=iphoneos*]" = "iPhone Developer";
				COPY_PHASE_STRIP = YES;
				ENABLE_NS_ASSERTIONS = NO;
				ENABLE_STRICT_OBJC_MSGSEND = YES;
				GCC_C_LANGUAGE_STANDARD = gnu99;
				GCC_WARN_64_TO_32_BIT_CONVERSION = YES;
				GCC_WARN_ABOUT_RETURN_TYPE = YES_ERROR;
				GCC_WARN_UNDECLARED_SELECTOR = YES;
				GCC_WARN_UNINITIALIZED_AUTOS = YES_AGGRESSIVE;
				GCC_WARN_UNUSED_FUNCTION = YES;
				GCC_WARN_UNUSED_VARIABLE = YES;
				IPHONEOS_DEPLOYMENT_TARGET = 8.1;
				MTL_ENABLE_DEBUG_INFO = NO;
				SDKROOT = iphoneos;
				TARGETED_DEVICE_FAMILY = "1,2";
				VALIDATE_PRODUCT = YES;
			};
			name = Release;
		};
		A65C230E1A5BBD7800BA476A /* Debug */ = {
			isa = XCBuildConfiguration;
			buildSettings = {
				ASSETCATALOG_COMPILER_APPICON_NAME = AppIcon;
				INFOPLIST_FILE = GiftCash/Info.plist;
				LD_RUNPATH_SEARCH_PATHS = "$(inherited) @executable_path/Frameworks";
				PRODUCT_NAME = "$(TARGET_NAME)";
			};
			name = Debug;
		};
		A65C230F1A5BBD7800BA476A /* Release */ = {
			isa = XCBuildConfiguration;
			buildSettings = {
				ASSETCATALOG_COMPILER_APPICON_NAME = AppIcon;
				INFOPLIST_FILE = GiftCash/Info.plist;
				LD_RUNPATH_SEARCH_PATHS = "$(inherited) @executable_path/Frameworks";
				PRODUCT_NAME = "$(TARGET_NAME)";
			};
			name = Release;
		};
		A65C23111A5BBD7800BA476A /* Debug */ = {
			isa = XCBuildConfiguration;
			buildSettings = {
				BUNDLE_LOADER = "$(TEST_HOST)";
				FRAMEWORK_SEARCH_PATHS = (
					"$(SDKROOT)/Developer/Library/Frameworks",
					"$(inherited)",
				);
				GCC_PREPROCESSOR_DEFINITIONS = (
					"DEBUG=1",
					"$(inherited)",
				);
				INFOPLIST_FILE = GiftCashTests/Info.plist;
				LD_RUNPATH_SEARCH_PATHS = "$(inherited) @executable_path/Frameworks @loader_path/Frameworks";
				PRODUCT_NAME = "$(TARGET_NAME)";
				TEST_HOST = "$(BUILT_PRODUCTS_DIR)/GiftCash.app/GiftCash";
			};
			name = Debug;
		};
		A65C23121A5BBD7800BA476A /* Release */ = {
			isa = XCBuildConfiguration;
			buildSettings = {
				BUNDLE_LOADER = "$(TEST_HOST)";
				FRAMEWORK_SEARCH_PATHS = (
					"$(SDKROOT)/Developer/Library/Frameworks",
					"$(inherited)",
				);
				INFOPLIST_FILE = GiftCashTests/Info.plist;
				LD_RUNPATH_SEARCH_PATHS = "$(inherited) @executable_path/Frameworks @loader_path/Frameworks";
				PRODUCT_NAME = "$(TARGET_NAME)";
				TEST_HOST = "$(BUILT_PRODUCTS_DIR)/GiftCash.app/GiftCash";
			};
			name = Release;
		};
/* End XCBuildConfiguration section */

/* Begin XCConfigurationList section */
		A65C22E21A5BBD7700BA476A /* Build configuration list for PBXProject "GiftCash" */ = {
			isa = XCConfigurationList;
			buildConfigurations = (
				A65C230B1A5BBD7800BA476A /* Debug */,
				A65C230C1A5BBD7800BA476A /* Release */,
			);
			defaultConfigurationIsVisible = 0;
			defaultConfigurationName = Release;
		};
		A65C230D1A5BBD7800BA476A /* Build configuration list for PBXNativeTarget "GiftCash" */ = {
			isa = XCConfigurationList;
			buildConfigurations = (
				A65C230E1A5BBD7800BA476A /* Debug */,
				A65C230F1A5BBD7800BA476A /* Release */,
			);
			defaultConfigurationIsVisible = 0;
			defaultConfigurationName = Release;
		};
		A65C23101A5BBD7800BA476A /* Build configuration list for PBXNativeTarget "GiftCashTests" */ = {
			isa = XCConfigurationList;
			buildConfigurations = (
				A65C23111A5BBD7800BA476A /* Debug */,
				A65C23121A5BBD7800BA476A /* Release */,
			);
			defaultConfigurationIsVisible = 0;
			defaultConfigurationName = Release;
		};
/* End XCConfigurationList section */

/* Begin XCVersionGroup section */
		A65C232B1A5BD46B00BA476A /* GiftCash.xcdatamodeld */ = {
			isa = XCVersionGroup;
			children = (
				A65C232C1A5BD46B00BA476A /* GiftCash.xcdatamodel */,
			);
			currentVersion = A65C232C1A5BD46B00BA476A /* GiftCash.xcdatamodel */;
			name = GiftCash.xcdatamodeld;
			path = model/GiftCash.xcdatamodeld;
			sourceTree = "<group>";
			versionGroupType = wrapper.xcdatamodel;
		};
/* End XCVersionGroup section */
	};
	rootObject = A65C22DF1A5BBD7700BA476A /* Project object */;
}
