// !$*UTF8*$!
{
	archiveVersion = 1;
	classes = {
	};
	objectVersion = 46;
	objects = {

/* Begin PBXBuildFile section */
		A65C22ED1A5BBD7700BA476A /* main.m in Sources */ = {isa = PBXBuildFile; fileRef = A65C22EC1A5BBD7700BA476A /* main.m */; };
		A65C22F01A5BBD7700BA476A /* AppDelegate.m in Sources */ = {isa = PBXBuildFile; fileRef = A65C22EF1A5BBD7700BA476A /* AppDelegate.m */; };
		A65C22F91A5BBD7700BA476A /* Main.storyboard in Resources */ = {isa = PBXBuildFile; fileRef = A65C22F71A5BBD7700BA476A /* Main.storyboard */; };
		A65C22FB1A5BBD7700BA476A /* Images.xcassets in Resources */ = {isa = PBXBuildFile; fileRef = A65C22FA1A5BBD7700BA476A /* Images.xcassets */; };
		A65C22FE1A5BBD7700BA476A /* LaunchScreen.xib in Resources */ = {isa = PBXBuildFile; fileRef = A65C22FC1A5BBD7700BA476A /* LaunchScreen.xib */; };
		A65C230A1A5BBD7800BA476A /* GiftCashTests.m in Sources */ = {isa = PBXBuildFile; fileRef = A65C23091A5BBD7800BA476A /* GiftCashTests.m */; };
		A65C23181A5BBFEB00BA476A /* MainTabBarController.m in Sources */ = {isa = PBXBuildFile; fileRef = A65C23171A5BBFEB00BA476A /* MainTabBarController.m */; };
		A65C23271A5BD35800BA476A /* Account.m in Sources */ = {isa = PBXBuildFile; fileRef = A65C23261A5BD35800BA476A /* Account.m */; };
		A65C232A1A5BD39700BA476A /* ViewController.m in Sources */ = {isa = PBXBuildFile; fileRef = A65C23291A5BD39700BA476A /* ViewController.m */; };
		A65C232D1A5BD46B00BA476A /* GiftCash.xcdatamodeld in Sources */ = {isa = PBXBuildFile; fileRef = A65C232B1A5BD46B00BA476A /* GiftCash.xcdatamodeld */; };
		A65C23301A5BD48400BA476A /* Contact.m in Sources */ = {isa = PBXBuildFile; fileRef = A65C232F1A5BD48400BA476A /* Contact.m */; };
		A65C23331A5BD48500BA476A /* Event.m in Sources */ = {isa = PBXBuildFile; fileRef = A65C23321A5BD48500BA476A /* Event.m */; };
		A65C23361A5BD48500BA476A /* Income.m in Sources */ = {isa = PBXBuildFile; fileRef = A65C23351A5BD48500BA476A /* Income.m */; };
/* End PBXBuildFile section */

/* Begin PBXContainerItemProxy section */
		A65C23041A5BBD7800BA476A /* PBXContainerItemProxy */ = {
			isa = PBXContainerItemProxy;
			containerPortal = A65C22DF1A5BBD7700BA476A /* Project object */;
			proxyType = 1;
			remoteGlobalIDString = A65C22E61A5BBD7700BA476A;
			remoteInfo = GiftCash;
		};
/* End PBXContainerItemProxy section */

/* Begin PBXFileReference section */
		A65C22E71A5BBD7700BA476A /* GiftCash.app */ = {isa = PBXFileReference; explicitFileType = wrapper.application; includeInIndex = 0; path = GiftCash.app; sourceTree = BUILT_PRODUCTS_DIR; };
		A65C22EB1A5BBD7700BA476A /* Info.plist */ = {isa = PBXFileReference; lastKnownFileType = text.plist.xml; path = Info.plist; sourceTree = "<group>"; };
		A65C22EC1A5BBD7700BA476A /* main.m */ = {isa = PBXFileReference; lastKnownFileType = sourcecode.c.objc; path = main.m; sourceTree = "<group>"; };
		A65C22EE1A5BBD7700BA476A /* AppDelegate.h */ = {isa = PBXFileReference; lastKnownFileType = sourcecode.c.h; path = AppDelegate.h; sourceTree = "<group>"; };
		A65C22EF1A5BBD7700BA476A /* AppDelegate.m */ = {isa = PBXFileReference; lastKnownFileType = sourcecode.c.objc; path = AppDelegate.m; sourceTree = "<group>"; };
		A65C22F81A5BBD7700BA476A /* Base */ = {isa = PBXFileReference; lastKnownFileType = file.storyboard; name = Base; path = Base.lproj/Main.storyboard; sourceTree = "<group>"; };
		A65C22FA1A5BBD7700BA476A /* Images.xcassets */ = {isa = PBXFileReference; lastKnownFileType = folder.assetcatalog; path = Images.xcassets; sourceTree = "<group>"; };
		A65C22FD1A5BBD7700BA476A /* Base */ = {isa = PBXFileReference; lastKnownFileType = file.xib; name = Base; path = Base.lproj/LaunchScreen.xib; sourceTree = "<group>"; };
		A65C23031A5BBD7800BA476A /* GiftCashTests.xctest */ = {isa = PBXFileReference; explicitFileType = wrapper.cfbundle; includeInIndex = 0; path = GiftCashTests.xctest; sourceTree = BUILT_PRODUCTS_DIR; };
		A65C23081A5BBD7800BA476A /* Info.plist */ = {isa = PBXFileReference; lastKnownFileType = text.plist.xml; path = Info.plist; sourceTree = "<group>"; };
		A65C23091A5BBD7800BA476A /* GiftCashTests.m */ = {isa = PBXFileReference; lastKnownFileType = sourcecode.c.objc; path = GiftCashTests.m; sourceTree = "<group>"; };
		A65C23161A5BBFEB00BA476A /* MainTabBarController.h */ = {isa = PBXFileReference; fileEncoding = 4; lastKnownFileType = sourcecode.c.h; name = MainTabBarController.h; path = controller/MainTabBarController.h; sourceTree = "<group>"; };
		A65C23171A5BBFEB00BA476A /* MainTabBarController.m */ = {isa = PBXFileReference; fileEncoding = 4; lastKnownFileType = sourcecode.c.objc; name = MainTabBarController.m; path = controller/MainTabBarController.m; sourceTree = "<group>"; };
		A65C23251A5BD35800BA476A /* Account.h */ = {isa = PBXFileReference; fileEncoding = 4; lastKnownFileType = sourcecode.c.h; name = Account.h; path = model/Account.h; sourceTree = "<group>"; };
		A65C23261A5BD35800BA476A /* Account.m */ = {isa = PBXFileReference; fileEncoding = 4; lastKnownFileType = sourcecode.c.objc; name = Account.m; path = model/Account.m; sourceTree = "<group>"; };
		A65C23281A5BD39700BA476A /* ViewController.h */ = {isa = PBXFileReference; fileEncoding = 4; lastKnownFileType = sourcecode.c.h; name = ViewController.h; path = controller/ViewController.h; sourceTree = "<group>"; };
		A65C23291A5BD39700BA476A /* ViewController.m */ = {isa = PBXFileReference; fileEncoding = 4; lastKnownFileType = sourcecode.c.objc; name = ViewController.m; path = controller/ViewController.m; sourceTree = "<group>"; };
		A65C232C1A5BD46B00BA476A /* GiftCash.xcdatamodel */ = {isa = PBXFileReference; lastKnownFileType = wrapper.xcdatamodel; path = GiftCash.xcdatamodel; sourceTree = "<group>"; };
		A65C232E1A5BD48400BA476A /* Contact.h */ = {isa = PBXFileReference; fileEncoding = 4; lastKnownFileType = sourcecode.c.h; name = Contact.h; path = model/Contact.h; sourceTree = "<group>"; };
		A65C232F1A5BD48400BA476A /* Contact.m */ = {isa = PBXFileReference; fileEncoding = 4; lastKnownFileType = sourcecode.c.objc; name = Contact.m; path = model/Contact.m; sourceTree = "<group>"; };
		A65C23311A5BD48500BA476A /* Event.h */ = {isa = PBXFileReference; fileEncoding = 4; lastKnownFileType = sourcecode.c.h; name = Event.h; path = model/Event.h; sourceTree = "<group>"; };
		A65C23321A5BD48500BA476A /* Event.m */ = {isa = PBXFileReference; fileEncoding = 4; lastKnownFileType = sourcecode.c.objc; name = Event.m; path = model/Event.m; sourceTree = "<group>"; };
		A65C23341A5BD48500BA476A /* Income.h */ = {isa = PBXFileReference; fileEncoding = 4; lastKnownFileType = sourcecode.c.h; name = Income.h; path = model/Income.h; sourceTree = "<group>"; };
		A65C23351A5BD48500BA476A /* Income.m */ = {isa = PBXFileReference; fileEncoding = 4; lastKnownFileType = sourcecode.c.objc; name = Income.m; path = model/Income.m; sourceTree = "<group>"; };
/* End PBXFileReference section */

/* Begin PBXFrameworksBuildPhase section */
		A65C22E41A5BBD7700BA476A /* Frameworks */ = {
			isa = PBXFrameworksBuildPhase;
			buildActionMask = 2147483647;
			files = (
			);
			runOnlyForDeploymentPostprocessing = 0;
		};
		A65C23001A5BBD7800BA476A /* Frameworks */ = {
			isa = PBXFrameworksBuildPhase;
			buildActionMask = 2147483647;
			files = (
			);
			runOnlyForDeploymentPostprocessing = 0;
		};
/* End PBXFrameworksBuildPhase section */

/* Begin PBXGroup section */
		A65C22DE1A5BBD7700BA476A = {
			isa = PBXGroup;
			children = (
				A65C22E91A5BBD7700BA476A /* GiftCash */,
				A65C23061A5BBD7800BA476A /* GiftCashTests */,
				A65C22E81A5BBD7700BA476A /* Products */,
			);
			sourceTree = "<group>";
		};
		A65C22E81A5BBD7700BA476A /* Products */ = {
			isa = PBXGroup;
			children = (
				A65C22E71A5BBD7700BA476A /* GiftCash.app */,
				A65C23031A5BBD7800BA476A /* GiftCashTests.xctest */,
			);
			name = Products;
			sourceTree = "<group>";
		};
		A65C22E91A5BBD7700BA476A /* GiftCash */ = {
			isa = PBXGroup;
			children = (
				A65C22F71A5BBD7700BA476A /* Main.storyboard */,
				A65C23141A5BBF6E00BA476A /* view */,
				A65C23151A5BBF7200BA476A /* controller */,
				A65C23131A5BBF6700BA476A /* model */,
				A65C22EE1A5BBD7700BA476A /* AppDelegate.h */,
				A65C22EF1A5BBD7700BA476A /* AppDelegate.m */,
				A65C22FA1A5BBD7700BA476A /* Images.xcassets */,
				A65C22FC1A5BBD7700BA476A /* LaunchScreen.xib */,
				A65C22EA1A5BBD7700BA476A /* Supporting Files */,
			);
			path = GiftCash;
			sourceTree = "<group>";
		};
		A65C22EA1A5BBD7700BA476A /* Supporting Files */ = {
			isa = PBXGroup;
			children = (
				A65C22EB1A5BBD7700BA476A /* Info.plist */,
				A65C22EC1A5BBD7700BA476A /* main.m */,
			);
			name = "Supporting Files";
			sourceTree = "<group>";
		};
		A65C23061A5BBD7800BA476A /* GiftCashTests */ = {
			isa = PBXGroup;
			children = (
				A65C23091A5BBD7800BA476A /* GiftCashTests.m */,
				A65C23071A5BBD7800BA476A /* Supporting Files */,
			);
			path = GiftCashTests;
			sourceTree = "<group>";
		};
		A65C23071A5BBD7800BA476A /* Supporting Files */ = {
			isa = PBXGroup;
			children = (
				A65C23081A5BBD7800BA476A /* Info.plist */,
			);
			name = "Supporting Files";
			sourceTree = "<group>";
		};
		A65C23131A5BBF6700BA476A /* model */ = {
			isa = PBXGroup;
			children = (
				A65C232B1A5BD46B00BA476A /* GiftCash.xcdatamodeld */,
				A65C23341A5BD48500BA476A /* Income.h */,
				A65C23351A5BD48500BA476A /* Income.m */,
				A65C23311A5BD48500BA476A /* Event.h */,
				A65C23321A5BD48500BA476A /* Event.m */,
				A65C232E1A5BD48400BA476A /* Contact.h */,
				A65C232F1A5BD48400BA476A /* Contact.m */,
				A65C23251A5BD35800BA476A /* Account.h */,
				A65C23261A5BD35800BA476A /* Account.m */,
			);
			name = model;
			sourceTree = "<group>";
		};
		A65C23141A5BBF6E00BA476A /* view */ = {
			isa = PBXGroup;
			children = (
			);
			name = view;
			sourceTree = "<group>";
		};
		A65C23151A5BBF7200BA476A /* controller */ = {
			isa = PBXGroup;
			children = (
				A65C23281A5BD39700BA476A /* ViewController.h */,
				A65C23291A5BD39700BA476A /* ViewController.m */,
				A65C23161A5BBFEB00BA476A /* MainTabBarController.h */,
				A65C23171A5BBFEB00BA476A /* MainTabBarController.m */,
			);
			name = controller;
			sourceTree = "<group>";
		};
/* End PBXGroup section */

/* Begin PBXNativeTarget section */
		A65C22E61A5BBD7700BA476A /* GiftCash */ = {
			isa = PBXNativeTarget;
			buildConfigurationList = A65C230D1A5BBD7800BA476A /* Build configuration list for PBXNativeTarget "GiftCash" */;
			buildPhases = (
				A65C22E31A5BBD7700BA476A /* Sources */,
				A65C22E41A5BBD7700BA476A /* Frameworks */,
				A65C22E51A5BBD7700BA476A /* Resources */,
			);
			buildRules = (
			);
			dependencies = (
			);
			name = GiftCash;
			productName = GiftCash;
			productReference = A65C22E71A5BBD7700BA476A /* GiftCash.app */;
			productType = "com.apple.product-type.application";
		};
		A65C23021A5BBD7800BA476A /* GiftCashTests */ = {
			isa = PBXNativeTarget;
			buildConfigurationList = A65C23101A5BBD7800BA476A /* Build configuration list for PBXNativeTarget "GiftCashTests" */;
			buildPhases = (
				A65C22FF1A5BBD7800BA476A /* Sources */,
				A65C23001A5BBD7800BA476A /* Frameworks */,
				A65C23011A5BBD7800BA476A /* Resources */,
			);
			buildRules = (
			);
			dependencies = (
				A65C23051A5BBD7800BA476A /* PBXTargetDependency */,
			);
			name = GiftCashTests;
			productName = GiftCashTests;
			productReference = A65C23031A5BBD7800BA476A /* GiftCashTests.xctest */;
			productType = "com.apple.product-type.bundle.unit-test";
		};
/* End PBXNativeTarget section */

/* Begin PBXProject section */
		A65C22DF1A5BBD7700BA476A /* Project object */ = {
			isa = PBXProject;
			attributes = {
				LastUpgradeCheck = 0610;
				ORGANIZATIONNAME = Eva;
				TargetAttributes = {
					A65C22E61A5BBD7700BA476A = {
						CreatedOnToolsVersion = 6.1.1;
					};
					A65C23021A5BBD7800BA476A = {
						CreatedOnToolsVersion = 6.1.1;
						TestTargetID = A65C22E61A5BBD7700BA476A;
					};
				};
			};
			buildConfigurationList = A65C22E21A5BBD7700BA476A /* Build configuration list for PBXProject "GiftCash" */;
			compatibilityVersion = "Xcode 3.2";
			developmentRegion = English;
			hasScannedForEncodings = 0;
			knownRegions = (
				en,
				Base,
			);
			mainGroup = A65C22DE1A5BBD7700BA476A;
			productRefGroup = A65C22E81A5BBD7700BA476A /* Products */;
			projectDirPath = "";
			projectRoot = "";
			targets = (
				A65C22E61A5BBD7700BA476A /* GiftCash */,
				A65C23021A5BBD7800BA476A /* GiftCashTests */,
			);
		};
/* End PBXProject section */

/* Begin PBXResourcesBuildPhase section */
		A65C22E51A5BBD7700BA476A /* Resources */ = {
			isa = PBXResourcesBuildPhase;
			buildActionMask = 2147483647;
			files = (
				A65C22F91A5BBD7700BA476A /* Main.storyboard in Resources */,
				A65C22FE1A5BBD7700BA476A /* LaunchScreen.xib in Resources */,
				A65C22FB1A5BBD7700BA476A /* Images.xcassets in Resources */,
			);
			runOnlyForDeploymentPostprocessing = 0;
		};
		A65C23011A5BBD7800BA476A /* Resources */ = {
			isa = PBXResourcesBuildPhase;
			buildActionMask = 2147483647;
			files = (
			);
			runOnlyForDeploymentPostprocessing = 0;
		};
/* End PBXResourcesBuildPhase section */

/* Begin PBXSourcesBuildPhase section */
		A65C22E31A5BBD7700BA476A /* Sources */ = {
			isa = PBXSourcesBuildPhase;
			buildActionMask = 2147483647;
			files = (
				A65C232A1A5BD39700BA476A /* ViewController.m in Sources */,
				A65C23271A5BD35800BA476A /* Account.m in Sources */,
				A65C232D1A5BD46B00BA476A /* GiftCash.xcdatamodeld in Sources */,
				A65C22F01A5BBD7700BA476A /* AppDelegate.m in Sources */,
				A65C23331A5BD48500BA476A /* Event.m in Sources */,
				A65C23301A5BD48400BA476A /* Contact.m in Sources */,
				A65C23181A5BBFEB00BA476A /* MainTabBarController.m in Sources */,
				A65C23361A5BD48500BA476A /* Income.m in Sources */,
				A65C22ED1A5BBD7700BA476A /* main.m in Sources */,
			);
			runOnlyForDeploymentPostprocessing = 0;
		};
		A65C22FF1A5BBD7800BA476A /* Sources */ = {
			isa = PBXSourcesBuildPhase;
			buildActionMask = 2147483647;
			files = (
				A65C230A1A5BBD7800BA476A /* GiftCashTests.m in Sources */,
			);
			runOnlyForDeploymentPostprocessing = 0;
		};
/* End PBXSourcesBuildPhase section */

/* Begin PBXTargetDependency section */
		A65C23051A5BBD7800BA476A /* PBXTargetDependency */ = {
			isa = PBXTargetDependency;
			target = A65C22E61A5BBD7700BA476A /* GiftCash */;
			targetProxy = A65C23041A5BBD7800BA476A /* PBXContainerItemProxy */;
		};
/* End PBXTargetDependency section */

/* Begin PBXVariantGroup section */
		A65C22F71A5BBD7700BA476A /* Main.storyboard */ = {
			isa = PBXVariantGroup;
			children = (
				A65C22F81A5BBD7700BA476A /* Base */,
			);
			name = Main.storyboard;
			sourceTree = "<group>";
		};
		A65C22FC1A5BBD7700BA476A /* LaunchScreen.xib */ = {
			isa = PBXVariantGroup;
			children = (
				A65C22FD1A5BBD7700BA476A /* Base */,
			);
			name = LaunchScreen.xib;
			sourceTree = "<group>";
		};
/* End PBXVariantGroup section */

/* Begin XCBuildConfiguration section */
		A65C230B1A5BBD7800BA476A /* Debug */ = {
			isa = XCBuildConfiguration;
			buildSettings = {
				ALWAYS_SEARCH_USER_PATHS = NO;
				CLANG_CXX_LANGUAGE_STANDARD = "gnu++0x";
				CLANG_CXX_LIBRARY = "libc++";
				CLANG_ENABLE_MODULES = YES;
				CLANG_ENABLE_OBJC_ARC = YES;
				CLANG_WARN_BOOL_CONVERSION = YES;
				CLANG_WARN_CONSTANT_CONVERSION = YES;
				CLANG_WARN_DIRECT_OBJC_ISA_USAGE = YES_ERROR;
				CLANG_WARN_EMPTY_BODY = YES;
				CLANG_WARN_ENUM_CONVERSION = YES;
				CLANG_WARN_INT_CONVERSION = YES;
				CLANG_WARN_OBJC_ROOT_CLASS = YES_ERROR;
				CLANG_WARN_UNREACHABLE_CODE = YES;
				CLANG_WARN__DUPLICATE_METHOD_MATCH = YES;
				"CODE_SIGN_IDENTITY[sdk=iphoneos*]" = "iPhone Developer";
				COPY_PHASE_STRIP = NO;
				ENABLE_STRICT_OBJC_MSGSEND = YES;
				GCC_C_LANGUAGE_STANDARD = gnu99;
				GCC_DYNAMIC_NO_PIC = NO;
				GCC_OPTIMIZATION_LEVEL = 0;
				GCC_PREPROCESSOR_DEFINITIONS = (
					"DEBUG=1",
					"$(inherited)",
				);
				GCC_SYMBOLS_PRIVATE_EXTERN = NO;
				GCC_WARN_64_TO_32_BIT_CONVERSION = YES;
				GCC_WARN_ABOUT_RETURN_TYPE = YES_ERROR;
				GCC_WARN_UNDECLARED_SELECTOR = YES;
				GCC_WARN_UNINITIALIZED_AUTOS = YES_AGGRESSIVE;
				GCC_WARN_UNUSED_FUNCTION = YES;
				GCC_WARN_UNUSED_VARIABLE = YES;
				IPHONEOS_DEPLOYMENT_TARGET = 8.1;
				MTL_ENABLE_DEBUG_INFO = YES;
				ONLY_ACTIVE_ARCH = YES;
				SDKROOT = iphoneos;
				TARGETED_DEVICE_FAMILY = "1,2";
			};
			name = Debug;
		};
		A65C230C1A5BBD7800BA476A /* Release */ = {
			isa = XCBuildConfiguration;
			buildSettings = {
				ALWAYS_SEARCH_USER_PATHS = NO;
				CLANG_CXX_LANGUAGE_STANDARD = "gnu++0x";
				CLANG_CXX_LIBRARY = "libc++";
				CLANG_ENABLE_MODULES = YES;
				CLANG_ENABLE_OBJC_ARC = YES;
				CLANG_WARN_BOOL_CONVERSION = YES;
				CLANG_WARN_CONSTANT_CONVERSION = YES;
				CLANG_WARN_DIRECT_OBJC_ISA_USAGE = YES_ERROR;
				CLANG_WARN_EMPTY_BODY = YES;
				CLANG_WARN_ENUM_CONVERSION = YES;
				CLANG_WARN_INT_CONVERSION = YES;
				CLANG_WARN_OBJC_ROOT_CLASS = YES_ERROR;
				CLANG_WARN_UNREACHABLE_CODE = YES;
				CLANG_WARN__DUPLICATE_METHOD_MATCH = YES;
				"CODE_SIGN_IDENTITY[sdk=iphoneos*]" = "iPhone Developer";
				COPY_PHASE_STRIP = YES;
				ENABLE_NS_ASSERTIONS = NO;
				ENABLE_STRICT_OBJC_MSGSEND = YES;
				GCC_C_LANGUAGE_STANDARD = gnu99;
				GCC_WARN_64_TO_32_BIT_CONVERSION = YES;
				GCC_WARN_ABOUT_RETURN_TYPE = YES_ERROR;
				GCC_WARN_UNDECLARED_SELECTOR = YES;
				GCC_WARN_UNINITIALIZED_AUTOS = YES_AGGRESSIVE;
				GCC_WARN_UNUSED_FUNCTION = YES;
				GCC_WARN_UNUSED_VARIABLE = YES;
				IPHONEOS_DEPLOYMENT_TARGET = 8.1;
				MTL_ENABLE_DEBUG_INFO = NO;
				SDKROOT = iphoneos;
				TARGETED_DEVICE_FAMILY = "1,2";
				VALIDATE_PRODUCT = YES;
			};
			name = Release;
		};
		A65C230E1A5BBD7800BA476A /* Debug */ = {
			isa = XCBuildConfiguration;
			buildSettings = {
				ASSETCATALOG_COMPILER_APPICON_NAME = AppIcon;
				INFOPLIST_FILE = GiftCash/Info.plist;
				LD_RUNPATH_SEARCH_PATHS = "$(inherited) @executable_path/Frameworks";
				PRODUCT_NAME = "$(TARGET_NAME)";
			};
			name = Debug;
		};
		A65C230F1A5BBD7800BA476A /* Release */ = {
			isa = XCBuildConfiguration;
			buildSettings = {
				ASSETCATALOG_COMPILER_APPICON_NAME = AppIcon;
				INFOPLIST_FILE = GiftCash/Info.plist;
				LD_RUNPATH_SEARCH_PATHS = "$(inherited) @executable_path/Frameworks";
				PRODUCT_NAME = "$(TARGET_NAME)";
			};
			name = Release;
		};
		A65C23111A5BBD7800BA476A /* Debug */ = {
			isa = XCBuildConfiguration;
			buildSettings = {
				BUNDLE_LOADER = "$(TEST_HOST)";
				FRAMEWORK_SEARCH_PATHS = (
					"$(SDKROOT)/Developer/Library/Frameworks",
					"$(inherited)",
				);
				GCC_PREPROCESSOR_DEFINITIONS = (
					"DEBUG=1",
					"$(inherited)",
				);
				INFOPLIST_FILE = GiftCashTests/Info.plist;
				LD_RUNPATH_SEARCH_PATHS = "$(inherited) @executable_path/Frameworks @loader_path/Frameworks";
				PRODUCT_NAME = "$(TARGET_NAME)";
				TEST_HOST = "$(BUILT_PRODUCTS_DIR)/GiftCash.app/GiftCash";
			};
			name = Debug;
		};
		A65C23121A5BBD7800BA476A /* Release */ = {
			isa = XCBuildConfiguration;
			buildSettings = {
				BUNDLE_LOADER = "$(TEST_HOST)";
				FRAMEWORK_SEARCH_PATHS = (
					"$(SDKROOT)/Developer/Library/Frameworks",
					"$(inherited)",
				);
				INFOPLIST_FILE = GiftCashTests/Info.plist;
				LD_RUNPATH_SEARCH_PATHS = "$(inherited) @executable_path/Frameworks @loader_path/Frameworks";
				PRODUCT_NAME = "$(TARGET_NAME)";
				TEST_HOST = "$(BUILT_PRODUCTS_DIR)/GiftCash.app/GiftCash";
			};
			name = Release;
		};
/* End XCBuildConfiguration section */

/* Begin XCConfigurationList section */
		A65C22E21A5BBD7700BA476A /* Build configuration list for PBXProject "GiftCash" */ = {
			isa = XCConfigurationList;
			buildConfigurations = (
				A65C230B1A5BBD7800BA476A /* Debug */,
				A65C230C1A5BBD7800BA476A /* Release */,
			);
			defaultConfigurationIsVisible = 0;
			defaultConfigurationName = Release;
		};
		A65C230D1A5BBD7800BA476A /* Build configuration list for PBXNativeTarget "GiftCash" */ = {
			isa = XCConfigurationList;
			buildConfigurations = (
				A65C230E1A5BBD7800BA476A /* Debug */,
				A65C230F1A5BBD7800BA476A /* Release */,
			);
			defaultConfigurationIsVisible = 0;
		};
		A65C23101A5BBD7800BA476A /* Build configuration list for PBXNativeTarget "GiftCashTests" */ = {
			isa = XCConfigurationList;
			buildConfigurations = (
				A65C23111A5BBD7800BA476A /* Debug */,
				A65C23121A5BBD7800BA476A /* Release */,
			);
			defaultConfigurationIsVisible = 0;
		};
/* End XCConfigurationList section */

/* Begin XCVersionGroup section */
		A65C232B1A5BD46B00BA476A /* GiftCash.xcdatamodeld */ = {
			isa = XCVersionGroup;
			children = (
				A65C232C1A5BD46B00BA476A /* GiftCash.xcdatamodel */,
			);
			currentVersion = A65C232C1A5BD46B00BA476A /* GiftCash.xcdatamodel */;
			name = GiftCash.xcdatamodeld;
			path = model/GiftCash.xcdatamodeld;
			sourceTree = "<group>";
			versionGroupType = wrapper.xcdatamodel;
		};
/* End XCVersionGroup section */
	};
	rootObject = A65C22DF1A5BBD7700BA476A /* Project object */;
}
